{
  "name": "@configs/eslint-ts",
  "version": "1.0.0",
  "lockfileVersion": 3,
  "requires": true,
  "packages": {
    "": {
      "name": "@configs/eslint-ts",
      "version": "1.0.0",
      "devDependencies": {
        "@eslint/js": "^9.10.0",
        "@typescript-eslint/eslint-plugin": "^8.5.0",
        "@typescript-eslint/parser": "^8.2.0",
        "eslint-config-prettier": "^9.1.0",
        "eslint-plugin-log-filenames": "^1.0.6",
        "eslint-plugin-prettier": "^5.2.1",
        "eslint-plugin-unused-imports": "^4.1.4",
        "globals": "^15.9.0",
        "typescript-eslint": "^8.0.1"
      },
      "peerDependencies": {
        "eslint": ">= 9",
        "typescript": ">= 5"
      }
    },
    "../../node_modules/.pnpm/@eslint+js@9.11.1/node_modules/@eslint/js": {
      "version": "9.11.1",
      "dev": true,
      "license": "MIT",
      "engines": {
        "node": "^18.18.0 || ^20.9.0 || >=21.1.0"
      }
    },
    "../../node_modules/.pnpm/@typescript-eslint+eslint-plugin@8.7.0_@typescript-eslint+parser@8.7.0_eslint@9.11.1_ji_acabb55f4a512bf767e6a9e33dd051ae/node_modules/@typescript-eslint/eslint-plugin": {
      "version": "8.7.0",
      "dev": true,
      "license": "MIT",
      "dependencies": {
        "@eslint-community/regexpp": "^4.10.0",
        "@typescript-eslint/scope-manager": "8.7.0",
        "@typescript-eslint/type-utils": "8.7.0",
        "@typescript-eslint/utils": "8.7.0",
        "@typescript-eslint/visitor-keys": "8.7.0",
        "graphemer": "^1.4.0",
        "ignore": "^5.3.1",
        "natural-compare": "^1.4.0",
        "ts-api-utils": "^1.3.0"
      },
      "devDependencies": {
        "@jest/types": "29.6.3",
        "@types/marked": "^5.0.2",
        "@types/mdast": "^4.0.3",
        "@types/natural-compare": "*",
        "@typescript-eslint/rule-schema-to-typescript-types": "8.7.0",
        "@typescript-eslint/rule-tester": "8.7.0",
        "ajv": "^6.12.6",
        "cross-env": "^7.0.3",
        "cross-fetch": "*",
        "eslint": "*",
        "jest": "29.7.0",
        "jest-specific-snapshot": "^8.0.0",
        "json-schema": "*",
        "markdown-table": "^3.0.3",
        "marked": "^5.1.2",
        "mdast-util-from-markdown": "^2.0.0",
        "mdast-util-mdx": "^3.0.0",
        "micromark-extension-mdxjs": "^3.0.0",
        "prettier": "^3.2.5",
        "rimraf": "*",
        "title-case": "^3.0.3",
        "tsx": "*",
        "typescript": "*",
        "unist-util-visit": "^5.0.0"
      },
      "engines": {
        "node": "^18.18.0 || ^20.9.0 || >=21.1.0"
      },
      "funding": {
        "type": "opencollective",
        "url": "https://opencollective.com/typescript-eslint"
      },
      "peerDependencies": {
        "@typescript-eslint/parser": "^8.0.0 || ^8.0.0-alpha.0",
        "eslint": "^8.57.0 || ^9.0.0"
      },
      "peerDependenciesMeta": {
        "typescript": {
          "optional": true
        }
      }
    },
    "../../node_modules/.pnpm/@typescript-eslint+parser@8.7.0_eslint@9.11.1_jiti@1.21.7__typescript@5.6.2/node_modules/@typescript-eslint/parser": {
      "version": "8.7.0",
      "dev": true,
      "license": "BSD-2-Clause",
      "dependencies": {
        "@typescript-eslint/scope-manager": "8.7.0",
        "@typescript-eslint/types": "8.7.0",
        "@typescript-eslint/typescript-estree": "8.7.0",
        "@typescript-eslint/visitor-keys": "8.7.0",
        "debug": "^4.3.4"
      },
      "devDependencies": {
        "@jest/types": "29.6.3",
        "@types/glob": "*",
        "downlevel-dts": "*",
        "glob": "*",
        "jest": "29.7.0",
        "prettier": "^3.2.5",
        "rimraf": "*",
        "typescript": "*"
      },
      "engines": {
        "node": "^18.18.0 || ^20.9.0 || >=21.1.0"
      },
      "funding": {
        "type": "opencollective",
        "url": "https://opencollective.com/typescript-eslint"
      },
      "peerDependencies": {
        "eslint": "^8.57.0 || ^9.0.0"
      },
      "peerDependenciesMeta": {
        "typescript": {
          "optional": true
        }
      }
    },
    "../../node_modules/.pnpm/eslint-config-prettier@9.1.0_eslint@9.11.1_jiti@1.21.7_/node_modules/eslint-config-prettier": {
      "version": "9.1.0",
      "dev": true,
      "license": "MIT",
      "bin": {
        "eslint-config-prettier": "bin/cli.js"
      },
      "peerDependencies": {
        "eslint": ">=7.0.0"
      }
    },
    "../../node_modules/.pnpm/eslint-plugin-log-filenames@1.0.6_eslint@9.11.1_jiti@1.21.7_/node_modules/eslint-plugin-log-filenames": {
      "version": "1.0.6",
      "dev": true,
      "license": "MIT",
      "devDependencies": {
        "eslint": "^4.18.2",
        "mocha": "~5.0.5"
      },
      "peerDependencies": {
        "eslint": ">=3"
      }
    },
    "../../node_modules/.pnpm/eslint-plugin-prettier@5.2.1_eslint-config-prettier@9.1.0_eslint@9.11.1_jiti@1.21.7___e_3e33dfa1dd5cf82b94c8479c80f46292/node_modules/eslint-plugin-prettier": {
      "version": "5.2.1",
      "dev": true,
      "license": "MIT",
      "dependencies": {
        "prettier-linter-helpers": "^1.0.0",
        "synckit": "^0.9.1"
      },
      "devDependencies": {
        "@1stg/remark-preset": "^2.0.0",
        "@changesets/changelog-github": "^0.5.0",
        "@changesets/cli": "^2.27.1",
        "@commitlint/config-conventional": "^18.4.3",
        "@eslint-community/eslint-plugin-eslint-comments": "^4.1.0",
        "@eslint/js": "^8.56.0",
        "@graphql-eslint/eslint-plugin": "^3.20.1",
        "@html-eslint/parser": "^0.24.1",
        "@prettier/plugin-pug": "^3.0.0",
        "@types/eslint": "^8.56.0",
        "@types/prettier-linter-helpers": "^1.0.4",
        "commitlint": "^18.4.3",
        "eslint": "^8.56.0",
        "eslint-config-prettier": "^9.1.0",
        "eslint-formatter-friendly": "^7.0.0",
        "eslint-mdx": "^2.3.0",
        "eslint-plugin-eslint-plugin": "^5.2.1",
        "eslint-plugin-mdx": "^2.3.0",
        "eslint-plugin-n": "^16.5.0",
        "eslint-plugin-prettier": "link:.",
        "eslint-plugin-pug": "^1.2.5",
        "eslint-plugin-svelte": "^2.35.1",
        "eslint-plugin-svelte3": "^4.0.0",
        "graphql": "^16.8.1",
        "lint-staged": "^15.2.0",
        "mocha": "^10.2.0",
        "prettier": "^3.1.1",
        "prettier-plugin-pkg": "^0.18.0",
        "prettier-plugin-svelte": "^3.1.2",
        "simple-git-hooks": "^2.9.0",
        "svelte": "^4.2.8",
        "vue-eslint-parser": "^9.3.2"
      },
      "engines": {
        "node": "^14.18.0 || >=16.0.0"
      },
      "funding": {
        "url": "https://opencollective.com/eslint-plugin-prettier"
      },
      "peerDependencies": {
        "@types/eslint": ">=8.0.0",
        "eslint": ">=8.0.0",
        "eslint-config-prettier": "*",
        "prettier": ">=3.0.0"
      },
      "peerDependenciesMeta": {
        "@types/eslint": {
          "optional": true
        },
        "eslint-config-prettier": {
          "optional": true
        }
      }
    },
    "../../node_modules/.pnpm/eslint-plugin-unused-imports@4.1.4_@typescript-eslint+eslint-plugin@8.7.0_@typescript-e_5145646e4847a0d377e792521bc0f870/node_modules/eslint-plugin-unused-imports": {
      "version": "4.1.4",
      "dev": true,
      "license": "MIT",
      "devDependencies": {
        "@types/eslint": "^9.6.1",
        "@typescript-eslint-v5/eslint-plugin": "npm:@typescript-eslint/eslint-plugin@^5.62.0",
        "@typescript-eslint-v5/parser": "npm:@typescript-eslint/parser@^5.62.0",
        "@typescript-eslint-v6/eslint-plugin": "npm:@typescript-eslint/eslint-plugin@^6.21.0",
        "@typescript-eslint-v6/parser": "npm:@typescript-eslint/parser@^6.21.0",
        "@typescript-eslint-v7/eslint-plugin": "npm:@typescript-eslint/eslint-plugin@^7.18.0",
        "@typescript-eslint-v7/parser": "npm:@typescript-eslint/parser@^7.18.0",
        "@typescript-eslint/eslint-plugin": "^8.5.0",
        "@typescript-eslint/parser": "^8.5.0",
        "@typescript-eslint/utils": "^8.5.0",
        "bumpp": "^9.5.2",
        "eslint": "^9.10.0",
        "prettier": "^3.3.3",
        "tsup": "^8.2.4",
        "typescript": "^5.6.2",
        "vitest": "^2.1.0"
      },
      "peerDependencies": {
        "@typescript-eslint/eslint-plugin": "^8.0.0-0 || ^7.0.0 || ^6.0.0 || ^5.0.0",
        "eslint": "^9.0.0 || ^8.0.0"
      },
      "peerDependenciesMeta": {
        "@typescript-eslint/eslint-plugin": {
          "optional": true
        }
      }
    },
    "../../node_modules/.pnpm/eslint@9.11.1_jiti@1.21.7/node_modules/eslint": {
      "version": "9.11.1",
      "license": "MIT",
      "peer": true,
      "dependencies": {
        "@eslint-community/eslint-utils": "^4.2.0",
        "@eslint-community/regexpp": "^4.11.0",
        "@eslint/config-array": "^0.18.0",
        "@eslint/core": "^0.6.0",
        "@eslint/eslintrc": "^3.1.0",
        "@eslint/js": "9.11.1",
        "@eslint/plugin-kit": "^0.2.0",
        "@humanwhocodes/module-importer": "^1.0.1",
        "@humanwhocodes/retry": "^0.3.0",
        "@nodelib/fs.walk": "^1.2.8",
        "@types/estree": "^1.0.6",
        "@types/json-schema": "^7.0.15",
        "ajv": "^6.12.4",
        "chalk": "^4.0.0",
        "cross-spawn": "^7.0.2",
        "debug": "^4.3.2",
        "escape-string-regexp": "^4.0.0",
        "eslint-scope": "^8.0.2",
        "eslint-visitor-keys": "^4.0.0",
        "espree": "^10.1.0",
        "esquery": "^1.5.0",
        "esutils": "^2.0.2",
        "fast-deep-equal": "^3.1.3",
        "file-entry-cache": "^8.0.0",
        "find-up": "^5.0.0",
        "glob-parent": "^6.0.2",
        "ignore": "^5.2.0",
        "imurmurhash": "^0.1.4",
        "is-glob": "^4.0.0",
        "is-path-inside": "^3.0.3",
        "json-stable-stringify-without-jsonify": "^1.0.1",
        "lodash.merge": "^4.6.2",
        "minimatch": "^3.1.2",
        "natural-compare": "^1.4.0",
        "optionator": "^0.9.3",
        "strip-ansi": "^6.0.1",
        "text-table": "^0.2.0"
      },
      "bin": {
        "eslint": "bin/eslint.js"
      },
      "devDependencies": {
        "@babel/core": "^7.4.3",
        "@babel/preset-env": "^7.4.3",
        "@eslint/json": "^0.4.0",
        "@trunkio/launcher": "^1.3.0",
        "@types/node": "^20.11.5",
        "@typescript-eslint/parser": "^8.4.0",
        "@wdio/browser-runner": "^9.0.5",
        "@wdio/cli": "^9.0.5",
        "@wdio/concise-reporter": "^9.0.4",
        "@wdio/mocha-framework": "^9.0.5",
        "babel-loader": "^8.0.5",
        "c8": "^7.12.0",
        "chai": "^4.0.1",
        "cheerio": "^0.22.0",
        "common-tags": "^1.8.0",
        "core-js": "^3.1.3",
        "ejs": "^3.0.2",
        "eslint": "file:.",
        "eslint-config-eslint": "file:packages/eslint-config-eslint",
        "eslint-plugin-eslint-plugin": "^6.0.0",
        "eslint-plugin-expect-type": "^0.4.0",
        "eslint-plugin-yml": "^1.14.0",
        "eslint-release": "^3.3.0",
        "eslint-rule-composer": "^0.3.0",
        "eslump": "^3.0.0",
        "esprima": "^4.0.1",
        "fast-glob": "^3.2.11",
        "fs-teardown": "^0.1.3",
        "glob": "^10.0.0",
        "globals": "^15.0.0",
        "got": "^11.8.3",
        "gray-matter": "^4.0.3",
        "jiti": "^1.21.6",
        "knip": "^5.21.0",
        "lint-staged": "^11.0.0",
        "load-perf": "^0.2.0",
        "markdown-it": "^12.2.0",
        "markdown-it-container": "^3.0.0",
        "marked": "^4.0.8",
        "metascraper": "^5.25.7",
        "metascraper-description": "^5.25.7",
        "metascraper-image": "^5.29.3",
        "metascraper-logo": "^5.25.7",
        "metascraper-logo-favicon": "^5.25.7",
        "metascraper-title": "^5.25.7",
        "mocha": "^8.3.2",
        "node-polyfill-webpack-plugin": "^1.0.3",
        "npm-license": "^0.3.3",
        "pirates": "^4.0.5",
        "progress": "^2.0.3",
        "proxyquire": "^2.0.1",
        "recast": "^0.23.0",
        "regenerator-runtime": "^0.14.0",
        "rollup-plugin-node-polyfills": "^0.2.1",
        "semver": "^7.5.3",
        "shelljs": "^0.8.5",
        "sinon": "^11.0.0",
        "typescript": "^5.3.3",
        "vite-plugin-commonjs": "^0.10.0",
        "webpack": "^5.23.0",
        "webpack-cli": "^4.5.0",
        "yorkie": "^2.0.0"
      },
      "engines": {
        "node": "^18.18.0 || ^20.9.0 || >=21.1.0"
      },
      "funding": {
        "url": "https://eslint.org/donate"
      },
      "peerDependencies": {
        "jiti": "*"
      },
      "peerDependenciesMeta": {
        "jiti": {
          "optional": true
        }
      }
    },
    "../../node_modules/.pnpm/globals@15.9.0/node_modules/globals": {
      "version": "15.9.0",
      "dev": true,
      "license": "MIT",
      "devDependencies": {
        "ava": "^6.1.1",
        "cheerio": "^1.0.0-rc.12",
        "eslint-plugin-jest": "^27.9.0",
        "execa": "^8.0.1",
        "get-port": "^7.0.0",
        "npm-run-all2": "^6.1.2",
        "outdent": "^0.8.0",
        "puppeteer": "^22.1.0",
        "shelljs": "^0.8.5",
        "tsd": "^0.30.4",
        "type-fest": "^4.10.2",
        "xo": "^0.57.0"
      },
      "engines": {
        "node": ">=18"
      },
      "funding": {
        "url": "https://github.com/sponsors/sindresorhus"
      }
    },
    "../../node_modules/.pnpm/typescript-eslint@8.7.0_eslint@9.11.1_jiti@1.21.7__typescript@5.6.2/node_modules/typescript-eslint": {
      "version": "8.7.0",
      "dev": true,
      "license": "MIT",
      "dependencies": {
        "@typescript-eslint/eslint-plugin": "8.7.0",
        "@typescript-eslint/parser": "8.7.0",
        "@typescript-eslint/utils": "8.7.0"
      },
      "devDependencies": {
        "@jest/types": "29.6.3",
        "downlevel-dts": "*",
        "jest": "29.7.0",
        "prettier": "^3.2.5",
        "rimraf": "*",
        "typescript": "*"
      },
      "engines": {
        "node": "^18.18.0 || ^20.9.0 || >=21.1.0"
      },
      "funding": {
        "type": "opencollective",
        "url": "https://opencollective.com/typescript-eslint"
      },
      "peerDependenciesMeta": {
        "typescript": {
          "optional": true
        }
      }
    },
    "../../node_modules/.pnpm/typescript@5.6.2/node_modules/typescript": {
      "version": "5.6.2",
      "license": "Apache-2.0",
      "peer": true,
      "bin": {
        "tsc": "bin/tsc",
        "tsserver": "bin/tsserver"
      },
      "devDependencies": {
        "@dprint/formatter": "^0.4.1",
        "@dprint/typescript": "0.91.6",
        "@esfx/canceltoken": "^1.0.0",
        "@eslint/js": "^9.9.0",
        "@octokit/rest": "^21.0.1",
        "@types/chai": "^4.3.17",
        "@types/diff": "^5.2.1",
        "@types/minimist": "^1.2.5",
        "@types/mocha": "^10.0.7",
        "@types/ms": "^0.7.34",
        "@types/node": "latest",
        "@types/source-map-support": "^0.5.10",
        "@types/which": "^3.0.4",
        "@typescript-eslint/rule-tester": "^8.1.0",
        "@typescript-eslint/type-utils": "^8.1.0",
        "@typescript-eslint/utils": "^8.1.0",
        "azure-devops-node-api": "^14.0.2",
        "c8": "^10.1.2",
        "chai": "^4.5.0",
        "chalk": "^4.1.2",
        "chokidar": "^3.6.0",
        "diff": "^5.2.0",
        "dprint": "^0.47.2",
        "esbuild": "^0.23.0",
        "eslint": "^9.9.0",
        "eslint-formatter-autolinkable-stylish": "^1.4.0",
        "eslint-plugin-regexp": "^2.6.0",
        "fast-xml-parser": "^4.4.1",
        "glob": "^10.4.5",
        "globals": "^15.9.0",
        "hereby": "^1.9.0",
        "jsonc-parser": "^3.3.1",
        "knip": "^5.27.2",
        "minimist": "^1.2.8",
        "mocha": "^10.7.3",
        "mocha-fivemat-progress-reporter": "^0.1.0",
        "monocart-coverage-reports": "^2.10.2",
        "ms": "^2.1.3",
        "node-fetch": "^3.3.2",
        "playwright": "^1.46.0",
        "source-map-support": "^0.5.21",
        "tslib": "^2.6.3",
        "typescript": "^5.5.4",
        "typescript-eslint": "^8.1.0",
        "which": "^3.0.1"
      },
      "engines": {
        "node": ">=14.17"
      }
    },
    "node_modules/@eslint/js": {
      "resolved": "../../node_modules/.pnpm/@eslint+js@9.11.1/node_modules/@eslint/js",
      "link": true
    },
    "node_modules/@typescript-eslint/eslint-plugin": {
      "resolved": "../../node_modules/.pnpm/@typescript-eslint+eslint-plugin@8.7.0_@typescript-eslint+parser@8.7.0_eslint@9.11.1_ji_acabb55f4a512bf767e6a9e33dd051ae/node_modules/@typescript-eslint/eslint-plugin",
      "link": true
    },
    "node_modules/@typescript-eslint/parser": {
      "resolved": "../../node_modules/.pnpm/@typescript-eslint+parser@8.7.0_eslint@9.11.1_jiti@1.21.7__typescript@5.6.2/node_modules/@typescript-eslint/parser",
      "link": true
    },
    "node_modules/eslint": {
      "resolved": "../../node_modules/.pnpm/eslint@9.11.1_jiti@1.21.7/node_modules/eslint",
      "link": true
    },
    "node_modules/eslint-config-prettier": {
      "resolved": "../../node_modules/.pnpm/eslint-config-prettier@9.1.0_eslint@9.11.1_jiti@1.21.7_/node_modules/eslint-config-prettier",
      "link": true
    },
    "node_modules/eslint-plugin-log-filenames": {
      "resolved": "../../node_modules/.pnpm/eslint-plugin-log-filenames@1.0.6_eslint@9.11.1_jiti@1.21.7_/node_modules/eslint-plugin-log-filenames",
      "link": true
    },
    "node_modules/eslint-plugin-prettier": {
      "resolved": "../../node_modules/.pnpm/eslint-plugin-prettier@5.2.1_eslint-config-prettier@9.1.0_eslint@9.11.1_jiti@1.21.7___e_3e33dfa1dd5cf82b94c8479c80f46292/node_modules/eslint-plugin-prettier",
      "link": true
    },
    "node_modules/eslint-plugin-unused-imports": {
      "resolved": "../../node_modules/.pnpm/eslint-plugin-unused-imports@4.1.4_@typescript-eslint+eslint-plugin@8.7.0_@typescript-e_5145646e4847a0d377e792521bc0f870/node_modules/eslint-plugin-unused-imports",
      "link": true
    },
    "node_modules/globals": {
      "resolved": "../../node_modules/.pnpm/globals@15.9.0/node_modules/globals",
      "link": true
    },
    "node_modules/typescript": {
      "resolved": "../../node_modules/.pnpm/typescript@5.6.2/node_modules/typescript",
      "link": true
    },
    "node_modules/typescript-eslint": {
      "resolved": "../../node_modules/.pnpm/typescript-eslint@8.7.0_eslint@9.11.1_jiti@1.21.7__typescript@5.6.2/node_modules/typescript-eslint",
      "link": true
    }
  }
}
